
Microsoft Visual Studio Solution File, Format Version 12.00
# Visual Studio Version 17
VisualStudioVersion = 17.5.33502.453
MinimumVisualStudioVersion = 10.0.40219.1
Project("{9092AA53-FB77-4645-B42D-1CCCA6BD08BD}") = "Response_B", "Response_B\Response_B.njsproj", "{C9BFAB27-E070-4CBD-983E-B206864244E9}"
EndProject
Project("{9092AA53-FB77-4645-B42D-1CCCA6BD08BD}") = "Experimenting", "Experimenting\Experimenting.njsproj", "{B6EC42FE-7CBF-43BE-89F8-A8E1DDAF8F1B}"
EndProject
Project("{9092AA53-FB77-4645-B42D-1CCCA6BD08BD}") = "ResponseA", "ResponseA\ResponseA.njsproj", "{537FC508-95CA-4927-B380-D59276E5F147}"
EndProject
Global
	GlobalSection(SolutionConfigurationPlatforms) = preSolution
		Debug|Any CPU = Debug|Any CPU
		Release|Any CPU = Release|Any CPU
	EndGlobalSection
	GlobalSection(ProjectConfigurationPlatforms) = postSolution
		{C9BFAB27-E070-4CBD-983E-B206864244E9}.Debug|Any CPU.ActiveCfg = Debug|Any CPU
		{C9BFAB27-E070-4CBD-983E-B206864244E9}.Debug|Any CPU.Build.0 = Debug|Any CPU
		{C9BFAB27-E070-4CBD-983E-B206864244E9}.Release|Any CPU.ActiveCfg = Release|Any CPU
		{C9BFAB27-E070-4CBD-983E-B206864244E9}.Release|Any CPU.Build.0 = Release|Any CPU
		{B6EC42FE-7CBF-43BE-89F8-A8E1DDAF8F1B}.Debug|Any CPU.ActiveCfg = Debug|Any CPU
		{B6EC42FE-7CBF-43BE-89F8-A8E1DDAF8F1B}.Debug|Any CPU.Build.0 = Debug|Any CPU
		{B6EC42FE-7CBF-43BE-89F8-A8E1DDAF8F1B}.Release|Any CPU.ActiveCfg = Release|Any CPU
		{B6EC42FE-7CBF-43BE-89F8-A8E1DDAF8F1B}.Release|Any CPU.Build.0 = Release|Any CPU
		{537FC508-95CA-4927-B380-D59276E5F147}.Debug|Any CPU.ActiveCfg = Debug|Any CPU
		{537FC508-95CA-4927-B380-D59276E5F147}.Debug|Any CPU.Build.0 = Debug|Any CPU
		{537FC508-95CA-4927-B380-D59276E5F147}.Release|Any CPU.ActiveCfg = Release|Any CPU
		{537FC508-95CA-4927-B380-D59276E5F147}.Release|Any CPU.Build.0 = Release|Any CPU
	EndGlobalSection
	GlobalSection(SolutionProperties) = preSolution
		HideSolutionNode = FALSE
	EndGlobalSection
	GlobalSection(ExtensibilityGlobals) = postSolution
		SolutionGuid = {96136B43-6632-4E34-8720-C0E8F43329CD}
	EndGlobalSection
EndGlobal
